{
  "object": {
    "pins": [
      {
        "package": "SwiftArg",
        "repositoryURL": "https://github.com/jaredmpayne/SwiftArg.git",
        "state": {
          "branch": null,
          "revision": "df74cfc56bd34273019ed12725d9e85f84630a58",
          "version": "1.0.2"
        }
      }
    ]
  },
  "version": 1
}
